// !$*UTF8*$!
{
	archiveVersion = 1;
	classes = {
	};
	objectVersion = 46;
	objects = {

/* Begin PBXBuildFile section */
		1F8A7BB51E8BF5620088EDCC /* Card.m in Sources */ = {isa = PBXBuildFile; fileRef = 1F8A7BB41E8BF5620088EDCC /* Card.m */; };
		1F8A7BB81E8BF6B30088EDCC /* Deck.m in Sources */ = {isa = PBXBuildFile; fileRef = 1F8A7BB71E8BF6B30088EDCC /* Deck.m */; };
		1F8A7BBB1E8C0C950088EDCC /* PlayingCard.m in Sources */ = {isa = PBXBuildFile; fileRef = 1F8A7BBA1E8C0C950088EDCC /* PlayingCard.m */; };
		1F8A7BBE1E8C102B0088EDCC /* PlayingCardDeck.m in Sources */ = {isa = PBXBuildFile; fileRef = 1F8A7BBD1E8C102B0088EDCC /* PlayingCardDeck.m */; };
		1F8A7BC11E8CA3690088EDCC /* CardMatchingGame.m in Sources */ = {isa = PBXBuildFile; fileRef = 1F8A7BC01E8CA3690088EDCC /* CardMatchingGame.m */; };
		1FA973C71E8E2D2C00F2E793 /* UnoCard.m in Sources */ = {isa = PBXBuildFile; fileRef = 1FA973C61E8E2D2C00F2E793 /* UnoCard.m */; };
		1FA973CA1E8E2DFB00F2E793 /* UnoCardDeck.m in Sources */ = {isa = PBXBuildFile; fileRef = 1FA973C91E8E2DFB00F2E793 /* UnoCardDeck.m */; };
		1FA973CD1E8E2FE900F2E793 /* UnoCardMatchingGame.m in Sources */ = {isa = PBXBuildFile; fileRef = 1FA973CC1E8E2FE900F2E793 /* UnoCardMatchingGame.m */; };
		1FC6CFB31E87528500D2E63D /* main.m in Sources */ = {isa = PBXBuildFile; fileRef = 1FC6CFB21E87528500D2E63D /* main.m */; };
		1FC6CFB61E87528500D2E63D /* AppDelegate.m in Sources */ = {isa = PBXBuildFile; fileRef = 1FC6CFB51E87528500D2E63D /* AppDelegate.m */; };
		1FC6CFB91E87528500D2E63D /* ViewController.m in Sources */ = {isa = PBXBuildFile; fileRef = 1FC6CFB81E87528500D2E63D /* ViewController.m */; };
		1FC6CFBC1E87528500D2E63D /* Main.storyboard in Resources */ = {isa = PBXBuildFile; fileRef = 1FC6CFBA1E87528500D2E63D /* Main.storyboard */; };
		1FC6CFBF1E87528500D2E63D /* MatchingCardGame.xcdatamodeld in Sources */ = {isa = PBXBuildFile; fileRef = 1FC6CFBD1E87528500D2E63D /* MatchingCardGame.xcdatamodeld */; };
		1FC6CFC11E87528500D2E63D /* Assets.xcassets in Resources */ = {isa = PBXBuildFile; fileRef = 1FC6CFC01E87528500D2E63D /* Assets.xcassets */; };
		1FC6CFC41E87528500D2E63D /* LaunchScreen.storyboard in Resources */ = {isa = PBXBuildFile; fileRef = 1FC6CFC21E87528500D2E63D /* LaunchScreen.storyboard */; };
		1FC6CFCF1E87528500D2E63D /* MatchingCardGameTests.m in Sources */ = {isa = PBXBuildFile; fileRef = 1FC6CFCE1E87528500D2E63D /* MatchingCardGameTests.m */; };
		1FC6CFDA1E87528500D2E63D /* MatchingCardGameUITests.m in Sources */ = {isa = PBXBuildFile; fileRef = 1FC6CFD91E87528500D2E63D /* MatchingCardGameUITests.m */; };
/* End PBXBuildFile section */

/* Begin PBXContainerItemProxy section */
		1FC6CFCB1E87528500D2E63D /* PBXContainerItemProxy */ = {
			isa = PBXContainerItemProxy;
			containerPortal = 1FC6CFA61E87528500D2E63D /* Project object */;
			proxyType = 1;
			remoteGlobalIDString = 1FC6CFAD1E87528500D2E63D;
			remoteInfo = MatchingCardGame;
		};
		1FC6CFD61E87528500D2E63D /* PBXContainerItemProxy */ = {
			isa = PBXContainerItemProxy;
			containerPortal = 1FC6CFA61E87528500D2E63D /* Project object */;
			proxyType = 1;
			remoteGlobalIDString = 1FC6CFAD1E87528500D2E63D;
			remoteInfo = MatchingCardGame;
		};
/* End PBXContainerItemProxy section */

/* Begin PBXFileReference section */
		1F8A7BB31E8BF5620088EDCC /* Card.h */ = {isa = PBXFileReference; fileEncoding = 4; lastKnownFileType = sourcecode.c.h; path = Card.h; sourceTree = "<group>"; };
		1F8A7BB41E8BF5620088EDCC /* Card.m */ = {isa = PBXFileReference; fileEncoding = 4; lastKnownFileType = sourcecode.c.objc; path = Card.m; sourceTree = "<group>"; };
		1F8A7BB61E8BF6B30088EDCC /* Deck.h */ = {isa = PBXFileReference; fileEncoding = 4; lastKnownFileType = sourcecode.c.h; path = Deck.h; sourceTree = "<group>"; };
		1F8A7BB71E8BF6B30088EDCC /* Deck.m */ = {isa = PBXFileReference; fileEncoding = 4; lastKnownFileType = sourcecode.c.objc; path = Deck.m; sourceTree = "<group>"; };
		1F8A7BB91E8C0C950088EDCC /* PlayingCard.h */ = {isa = PBXFileReference; fileEncoding = 4; lastKnownFileType = sourcecode.c.h; path = PlayingCard.h; sourceTree = "<group>"; };
		1F8A7BBA1E8C0C950088EDCC /* PlayingCard.m */ = {isa = PBXFileReference; fileEncoding = 4; lastKnownFileType = sourcecode.c.objc; path = PlayingCard.m; sourceTree = "<group>"; };
		1F8A7BBC1E8C102B0088EDCC /* PlayingCardDeck.h */ = {isa = PBXFileReference; fileEncoding = 4; lastKnownFileType = sourcecode.c.h; path = PlayingCardDeck.h; sourceTree = "<group>"; };
		1F8A7BBD1E8C102B0088EDCC /* PlayingCardDeck.m */ = {isa = PBXFileReference; fileEncoding = 4; lastKnownFileType = sourcecode.c.objc; path = PlayingCardDeck.m; sourceTree = "<group>"; };
		1F8A7BBF1E8CA3690088EDCC /* CardMatchingGame.h */ = {isa = PBXFileReference; fileEncoding = 4; lastKnownFileType = sourcecode.c.h; path = CardMatchingGame.h; sourceTree = "<group>"; };
		1F8A7BC01E8CA3690088EDCC /* CardMatchingGame.m */ = {isa = PBXFileReference; fileEncoding = 4; lastKnownFileType = sourcecode.c.objc; path = CardMatchingGame.m; sourceTree = "<group>"; };
		1FA973C51E8E2D2C00F2E793 /* UnoCard.h */ = {isa = PBXFileReference; fileEncoding = 4; lastKnownFileType = sourcecode.c.h; path = UnoCard.h; sourceTree = "<group>"; };
		1FA973C61E8E2D2C00F2E793 /* UnoCard.m */ = {isa = PBXFileReference; fileEncoding = 4; lastKnownFileType = sourcecode.c.objc; path = UnoCard.m; sourceTree = "<group>"; };
		1FA973C81E8E2DFB00F2E793 /* UnoCardDeck.h */ = {isa = PBXFileReference; fileEncoding = 4; lastKnownFileType = sourcecode.c.h; path = UnoCardDeck.h; sourceTree = "<group>"; };
		1FA973C91E8E2DFB00F2E793 /* UnoCardDeck.m */ = {isa = PBXFileReference; fileEncoding = 4; lastKnownFileType = sourcecode.c.objc; path = UnoCardDeck.m; sourceTree = "<group>"; };
		1FA973CB1E8E2FE900F2E793 /* UnoCardMatchingGame.h */ = {isa = PBXFileReference; fileEncoding = 4; lastKnownFileType = sourcecode.c.h; path = UnoCardMatchingGame.h; sourceTree = "<group>"; };
		1FA973CC1E8E2FE900F2E793 /* UnoCardMatchingGame.m */ = {isa = PBXFileReference; fileEncoding = 4; lastKnownFileType = sourcecode.c.objc; path = UnoCardMatchingGame.m; sourceTree = "<group>"; };
		1FC6CFAE1E87528500D2E63D /* MatchingCardGame.app */ = {isa = PBXFileReference; explicitFileType = wrapper.application; includeInIndex = 0; path = MatchingCardGame.app; sourceTree = BUILT_PRODUCTS_DIR; };
		1FC6CFB21E87528500D2E63D /* main.m */ = {isa = PBXFileReference; lastKnownFileType = sourcecode.c.objc; path = main.m; sourceTree = "<group>"; };
		1FC6CFB41E87528500D2E63D /* AppDelegate.h */ = {isa = PBXFileReference; lastKnownFileType = sourcecode.c.h; path = AppDelegate.h; sourceTree = "<group>"; };
		1FC6CFB51E87528500D2E63D /* AppDelegate.m */ = {isa = PBXFileReference; lastKnownFileType = sourcecode.c.objc; path = AppDelegate.m; sourceTree = "<group>"; };
		1FC6CFB71E87528500D2E63D /* ViewController.h */ = {isa = PBXFileReference; lastKnownFileType = sourcecode.c.h; path = ViewController.h; sourceTree = "<group>"; };
		1FC6CFB81E87528500D2E63D /* ViewController.m */ = {isa = PBXFileReference; lastKnownFileType = sourcecode.c.objc; path = ViewController.m; sourceTree = "<group>"; };
		1FC6CFBB1E87528500D2E63D /* Base */ = {isa = PBXFileReference; lastKnownFileType = file.storyboard; name = Base; path = Base.lproj/Main.storyboard; sourceTree = "<group>"; };
		1FC6CFBE1E87528500D2E63D /* MatchingCardGame.xcdatamodel */ = {isa = PBXFileReference; lastKnownFileType = wrapper.xcdatamodel; path = MatchingCardGame.xcdatamodel; sourceTree = "<group>"; };
		1FC6CFC01E87528500D2E63D /* Assets.xcassets */ = {isa = PBXFileReference; lastKnownFileType = folder.assetcatalog; path = Assets.xcassets; sourceTree = "<group>"; };
		1FC6CFC31E87528500D2E63D /* Base */ = {isa = PBXFileReference; lastKnownFileType = file.storyboard; name = Base; path = Base.lproj/LaunchScreen.storyboard; sourceTree = "<group>"; };
		1FC6CFC51E87528500D2E63D /* Info.plist */ = {isa = PBXFileReference; lastKnownFileType = text.plist.xml; path = Info.plist; sourceTree = "<group>"; };
		1FC6CFCA1E87528500D2E63D /* MatchingCardGameTests.xctest */ = {isa = PBXFileReference; explicitFileType = wrapper.cfbundle; includeInIndex = 0; path = MatchingCardGameTests.xctest; sourceTree = BUILT_PRODUCTS_DIR; };
		1FC6CFCE1E87528500D2E63D /* MatchingCardGameTests.m */ = {isa = PBXFileReference; lastKnownFileType = sourcecode.c.objc; path = MatchingCardGameTests.m; sourceTree = "<group>"; };
		1FC6CFD01E87528500D2E63D /* Info.plist */ = {isa = PBXFileReference; lastKnownFileType = text.plist.xml; path = Info.plist; sourceTree = "<group>"; };
		1FC6CFD51E87528500D2E63D /* MatchingCardGameUITests.xctest */ = {isa = PBXFileReference; explicitFileType = wrapper.cfbundle; includeInIndex = 0; path = MatchingCardGameUITests.xctest; sourceTree = BUILT_PRODUCTS_DIR; };
		1FC6CFD91E87528500D2E63D /* MatchingCardGameUITests.m */ = {isa = PBXFileReference; lastKnownFileType = sourcecode.c.objc; path = MatchingCardGameUITests.m; sourceTree = "<group>"; };
		1FC6CFDB1E87528500D2E63D /* Info.plist */ = {isa = PBXFileReference; lastKnownFileType = text.plist.xml; path = Info.plist; sourceTree = "<group>"; };
/* End PBXFileReference section */

/* Begin PBXFrameworksBuildPhase section */
		1FC6CFAB1E87528500D2E63D /* Frameworks */ = {
			isa = PBXFrameworksBuildPhase;
			buildActionMask = 2147483647;
			files = (
			);
			runOnlyForDeploymentPostprocessing = 0;
		};
		1FC6CFC71E87528500D2E63D /* Frameworks */ = {
			isa = PBXFrameworksBuildPhase;
			buildActionMask = 2147483647;
			files = (
			);
			runOnlyForDeploymentPostprocessing = 0;
		};
		1FC6CFD21E87528500D2E63D /* Frameworks */ = {
			isa = PBXFrameworksBuildPhase;
			buildActionMask = 2147483647;
			files = (
			);
			runOnlyForDeploymentPostprocessing = 0;
		};
/* End PBXFrameworksBuildPhase section */

/* Begin PBXGroup section */
		1FC6CFA51E87528500D2E63D = {
			isa = PBXGroup;
			children = (
				1FC6CFB01E87528500D2E63D /* MatchingCardGame */,
				1FC6CFCD1E87528500D2E63D /* MatchingCardGameTests */,
				1FC6CFD81E87528500D2E63D /* MatchingCardGameUITests */,
				1FC6CFAF1E87528500D2E63D /* Products */,
			);
			sourceTree = "<group>";
		};
		1FC6CFAF1E87528500D2E63D /* Products */ = {
			isa = PBXGroup;
			children = (
				1FC6CFAE1E87528500D2E63D /* MatchingCardGame.app */,
				1FC6CFCA1E87528500D2E63D /* MatchingCardGameTests.xctest */,
				1FC6CFD51E87528500D2E63D /* MatchingCardGameUITests.xctest */,
			);
			name = Products;
			sourceTree = "<group>";
		};
		1FC6CFB01E87528500D2E63D /* MatchingCardGame */ = {
			isa = PBXGroup;
			children = (
				1FC6CFB41E87528500D2E63D /* AppDelegate.h */,
				1FC6CFB51E87528500D2E63D /* AppDelegate.m */,
				1FC6CFB71E87528500D2E63D /* ViewController.h */,
				1FC6CFB81E87528500D2E63D /* ViewController.m */,
				1FC6CFBA1E87528500D2E63D /* Main.storyboard */,
				1F8A7BB31E8BF5620088EDCC /* Card.h */,
				1F8A7BB41E8BF5620088EDCC /* Card.m */,
				1F8A7BB91E8C0C950088EDCC /* PlayingCard.h */,
				1F8A7BBA1E8C0C950088EDCC /* PlayingCard.m */,
				1FA973C51E8E2D2C00F2E793 /* UnoCard.h */,
				1FA973C61E8E2D2C00F2E793 /* UnoCard.m */,
				1F8A7BB61E8BF6B30088EDCC /* Deck.h */,
				1F8A7BB71E8BF6B30088EDCC /* Deck.m */,
				1F8A7BBC1E8C102B0088EDCC /* PlayingCardDeck.h */,
				1F8A7BBD1E8C102B0088EDCC /* PlayingCardDeck.m */,
				1FA973C81E8E2DFB00F2E793 /* UnoCardDeck.h */,
				1FA973C91E8E2DFB00F2E793 /* UnoCardDeck.m */,
				1F8A7BBF1E8CA3690088EDCC /* CardMatchingGame.h */,
				1F8A7BC01E8CA3690088EDCC /* CardMatchingGame.m */,
				1FA973CB1E8E2FE900F2E793 /* UnoCardMatchingGame.h */,
				1FA973CC1E8E2FE900F2E793 /* UnoCardMatchingGame.m */,
				1FC6CFC01E87528500D2E63D /* Assets.xcassets */,
				1FC6CFC21E87528500D2E63D /* LaunchScreen.storyboard */,
				1FC6CFC51E87528500D2E63D /* Info.plist */,
				1FC6CFBD1E87528500D2E63D /* MatchingCardGame.xcdatamodeld */,
				1FC6CFB11E87528500D2E63D /* Supporting Files */,
			);
			path = MatchingCardGame;
			sourceTree = "<group>";
		};
		1FC6CFB11E87528500D2E63D /* Supporting Files */ = {
			isa = PBXGroup;
			children = (
				1FC6CFB21E87528500D2E63D /* main.m */,
			);
			name = "Supporting Files";
			sourceTree = "<group>";
		};
		1FC6CFCD1E87528500D2E63D /* MatchingCardGameTests */ = {
			isa = PBXGroup;
			children = (
				1FC6CFCE1E87528500D2E63D /* MatchingCardGameTests.m */,
				1FC6CFD01E87528500D2E63D /* Info.plist */,
			);
			path = MatchingCardGameTests;
			sourceTree = "<group>";
		};
		1FC6CFD81E87528500D2E63D /* MatchingCardGameUITests */ = {
			isa = PBXGroup;
			children = (
				1FC6CFD91E87528500D2E63D /* MatchingCardGameUITests.m */,
				1FC6CFDB1E87528500D2E63D /* Info.plist */,
			);
			path = MatchingCardGameUITests;
			sourceTree = "<group>";
		};
/* End PBXGroup section */

/* Begin PBXNativeTarget section */
		1FC6CFAD1E87528500D2E63D /* MatchingCardGame */ = {
			isa = PBXNativeTarget;
			buildConfigurationList = 1FC6CFDE1E87528500D2E63D /* Build configuration list for PBXNativeTarget "MatchingCardGame" */;
			buildPhases = (
				1FC6CFAA1E87528500D2E63D /* Sources */,
				1FC6CFAB1E87528500D2E63D /* Frameworks */,
				1FC6CFAC1E87528500D2E63D /* Resources */,
			);
			buildRules = (
			);
			dependencies = (
			);
			name = MatchingCardGame;
			productName = MatchingCardGame;
			productReference = 1FC6CFAE1E87528500D2E63D /* MatchingCardGame.app */;
			productType = "com.apple.product-type.application";
		};
		1FC6CFC91E87528500D2E63D /* MatchingCardGameTests */ = {
			isa = PBXNativeTarget;
			buildConfigurationList = 1FC6CFE11E87528500D2E63D /* Build configuration list for PBXNativeTarget "MatchingCardGameTests" */;
			buildPhases = (
				1FC6CFC61E87528500D2E63D /* Sources */,
				1FC6CFC71E87528500D2E63D /* Frameworks */,
				1FC6CFC81E87528500D2E63D /* Resources */,
			);
			buildRules = (
			);
			dependencies = (
				1FC6CFCC1E87528500D2E63D /* PBXTargetDependency */,
			);
			name = MatchingCardGameTests;
			productName = MatchingCardGameTests;
			productReference = 1FC6CFCA1E87528500D2E63D /* MatchingCardGameTests.xctest */;
			productType = "com.apple.product-type.bundle.unit-test";
		};
		1FC6CFD41E87528500D2E63D /* MatchingCardGameUITests */ = {
			isa = PBXNativeTarget;
			buildConfigurationList = 1FC6CFE41E87528500D2E63D /* Build configuration list for PBXNativeTarget "MatchingCardGameUITests" */;
			buildPhases = (
				1FC6CFD11E87528500D2E63D /* Sources */,
				1FC6CFD21E87528500D2E63D /* Frameworks */,
				1FC6CFD31E87528500D2E63D /* Resources */,
			);
			buildRules = (
			);
			dependencies = (
				1FC6CFD71E87528500D2E63D /* PBXTargetDependency */,
			);
			name = MatchingCardGameUITests;
			productName = MatchingCardGameUITests;
			productReference = 1FC6CFD51E87528500D2E63D /* MatchingCardGameUITests.xctest */;
			productType = "com.apple.product-type.bundle.ui-testing";
		};
/* End PBXNativeTarget section */

/* Begin PBXProject section */
		1FC6CFA61E87528500D2E63D /* Project object */ = {
			isa = PBXProject;
			attributes = {
				LastUpgradeCheck = 0820;
				ORGANIZATIONNAME = "Mocca Yang";
				TargetAttributes = {
					1FC6CFAD1E87528500D2E63D = {
						CreatedOnToolsVersion = 8.2.1;
						ProvisioningStyle = Automatic;
					};
					1FC6CFC91E87528500D2E63D = {
						CreatedOnToolsVersion = 8.2.1;
						ProvisioningStyle = Automatic;
						TestTargetID = 1FC6CFAD1E87528500D2E63D;
					};
					1FC6CFD41E87528500D2E63D = {
						CreatedOnToolsVersion = 8.2.1;
						ProvisioningStyle = Automatic;
						TestTargetID = 1FC6CFAD1E87528500D2E63D;
					};
				};
			};
			buildConfigurationList = 1FC6CFA91E87528500D2E63D /* Build configuration list for PBXProject "MatchingCardGame" */;
			compatibilityVersion = "Xcode 3.2";
			developmentRegion = English;
			hasScannedForEncodings = 0;
			knownRegions = (
				en,
				Base,
			);
			mainGroup = 1FC6CFA51E87528500D2E63D;
			productRefGroup = 1FC6CFAF1E87528500D2E63D /* Products */;
			projectDirPath = "";
			projectRoot = "";
			targets = (
				1FC6CFAD1E87528500D2E63D /* MatchingCardGame */,
				1FC6CFC91E87528500D2E63D /* MatchingCardGameTests */,
				1FC6CFD41E87528500D2E63D /* MatchingCardGameUITests */,
			);
		};
/* End PBXProject section */

/* Begin PBXResourcesBuildPhase section */
		1FC6CFAC1E87528500D2E63D /* Resources */ = {
			isa = PBXResourcesBuildPhase;
			buildActionMask = 2147483647;
			files = (
				1FC6CFC41E87528500D2E63D /* LaunchScreen.storyboard in Resources */,
				1FC6CFC11E87528500D2E63D /* Assets.xcassets in Resources */,
				1FC6CFBC1E87528500D2E63D /* Main.storyboard in Resources */,
			);
			runOnlyForDeploymentPostprocessing = 0;
		};
		1FC6CFC81E87528500D2E63D /* Resources */ = {
			isa = PBXResourcesBuildPhase;
			buildActionMask = 2147483647;
			files = (
			);
			runOnlyForDeploymentPostprocessing = 0;
		};
		1FC6CFD31E87528500D2E63D /* Resources */ = {
			isa = PBXResourcesBuildPhase;
			buildActionMask = 2147483647;
			files = (
			);
			runOnlyForDeploymentPostprocessing = 0;
		};
/* End PBXResourcesBuildPhase section */

/* Begin PBXSourcesBuildPhase section */
		1FC6CFAA1E87528500D2E63D /* Sources */ = {
			isa = PBXSourcesBuildPhase;
			buildActionMask = 2147483647;
			files = (
				1F8A7BB51E8BF5620088EDCC /* Card.m in Sources */,
				1F8A7BBE1E8C102B0088EDCC /* PlayingCardDeck.m in Sources */,
				1FC6CFBF1E87528500D2E63D /* MatchingCardGame.xcdatamodeld in Sources */,
				1F8A7BC11E8CA3690088EDCC /* CardMatchingGame.m in Sources */,
				1FA973CA1E8E2DFB00F2E793 /* UnoCardDeck.m in Sources */,
				1F8A7BBB1E8C0C950088EDCC /* PlayingCard.m in Sources */,
				1FC6CFB91E87528500D2E63D /* ViewController.m in Sources */,
				1FC6CFB61E87528500D2E63D /* AppDelegate.m in Sources */,
				1F8A7BB81E8BF6B30088EDCC /* Deck.m in Sources */,
				1FA973CD1E8E2FE900F2E793 /* UnoCardMatchingGame.m in Sources */,
				1FA973C71E8E2D2C00F2E793 /* UnoCard.m in Sources */,
				1FC6CFB31E87528500D2E63D /* main.m in Sources */,
			);
			runOnlyForDeploymentPostprocessing = 0;
		};
		1FC6CFC61E87528500D2E63D /* Sources */ = {
			isa = PBXSourcesBuildPhase;
			buildActionMask = 2147483647;
			files = (
				1FC6CFCF1E87528500D2E63D /* MatchingCardGameTests.m in Sources */,
			);
			runOnlyForDeploymentPostprocessing = 0;
		};
		1FC6CFD11E87528500D2E63D /* Sources */ = {
			isa = PBXSourcesBuildPhase;
			buildActionMask = 2147483647;
			files = (
				1FC6CFDA1E87528500D2E63D /* MatchingCardGameUITests.m in Sources */,
			);
			runOnlyForDeploymentPostprocessing = 0;
		};
/* End PBXSourcesBuildPhase section */

/* Begin PBXTargetDependency section */
		1FC6CFCC1E87528500D2E63D /* PBXTargetDependency */ = {
			isa = PBXTargetDependency;
			target = 1FC6CFAD1E87528500D2E63D /* MatchingCardGame */;
			targetProxy = 1FC6CFCB1E87528500D2E63D /* PBXContainerItemProxy */;
		};
		1FC6CFD71E87528500D2E63D /* PBXTargetDependency */ = {
			isa = PBXTargetDependency;
			target = 1FC6CFAD1E87528500D2E63D /* MatchingCardGame */;
			targetProxy = 1FC6CFD61E87528500D2E63D /* PBXContainerItemProxy */;
		};
/* End PBXTargetDependency section */

/* Begin PBXVariantGroup section */
		1FC6CFBA1E87528500D2E63D /* Main.storyboard */ = {
			isa = PBXVariantGroup;
			children = (
				1FC6CFBB1E87528500D2E63D /* Base */,
			);
			name = Main.storyboard;
			sourceTree = "<group>";
		};
		1FC6CFC21E87528500D2E63D /* LaunchScreen.storyboard */ = {
			isa = PBXVariantGroup;
			children = (
				1FC6CFC31E87528500D2E63D /* Base */,
			);
			name = LaunchScreen.storyboard;
			sourceTree = "<group>";
		};
/* End PBXVariantGroup section */

/* Begin XCBuildConfiguration section */
		1FC6CFDC1E87528500D2E63D /* Debug */ = {
			isa = XCBuildConfiguration;
			buildSettings = {
				ALWAYS_SEARCH_USER_PATHS = NO;
				CLANG_ANALYZER_NONNULL = YES;
				CLANG_CXX_LANGUAGE_STANDARD = "gnu++0x";
				CLANG_CXX_LIBRARY = "libc++";
				CLANG_ENABLE_MODULES = YES;
				CLANG_ENABLE_OBJC_ARC = YES;
				CLANG_WARN_BOOL_CONVERSION = YES;
				CLANG_WARN_CONSTANT_CONVERSION = YES;
				CLANG_WARN_DIRECT_OBJC_ISA_USAGE = YES_ERROR;
				CLANG_WARN_DOCUMENTATION_COMMENTS = YES;
				CLANG_WARN_EMPTY_BODY = YES;
				CLANG_WARN_ENUM_CONVERSION = YES;
				CLANG_WARN_INFINITE_RECURSION = YES;
				CLANG_WARN_INT_CONVERSION = YES;
				CLANG_WARN_OBJC_ROOT_CLASS = YES_ERROR;
				CLANG_WARN_SUSPICIOUS_MOVE = YES;
				CLANG_WARN_UNREACHABLE_CODE = YES;
				CLANG_WARN__DUPLICATE_METHOD_MATCH = YES;
				"CODE_SIGN_IDENTITY[sdk=iphoneos*]" = "iPhone Developer";
				COPY_PHASE_STRIP = NO;
				DEBUG_INFORMATION_FORMAT = dwarf;
				ENABLE_STRICT_OBJC_MSGSEND = YES;
				ENABLE_TESTABILITY = YES;
				GCC_C_LANGUAGE_STANDARD = gnu99;
				GCC_DYNAMIC_NO_PIC = NO;
				GCC_NO_COMMON_BLOCKS = YES;
				GCC_OPTIMIZATION_LEVEL = 0;
				GCC_PREPROCESSOR_DEFINITIONS = (
					"DEBUG=1",
					"$(inherited)",
				);
				GCC_WARN_64_TO_32_BIT_CONVERSION = YES;
				GCC_WARN_ABOUT_RETURN_TYPE = YES_ERROR;
				GCC_WARN_UNDECLARED_SELECTOR = YES;
				GCC_WARN_UNINITIALIZED_AUTOS = YES_AGGRESSIVE;
				GCC_WARN_UNUSED_FUNCTION = YES;
				GCC_WARN_UNUSED_VARIABLE = YES;
				IPHONEOS_DEPLOYMENT_TARGET = 10.2;
				MTL_ENABLE_DEBUG_INFO = YES;
				ONLY_ACTIVE_ARCH = YES;
				SDKROOT = iphoneos;
			};
			name = Debug;
		};
		1FC6CFDD1E87528500D2E63D /* Release */ = {
			isa = XCBuildConfiguration;
			buildSettings = {
				ALWAYS_SEARCH_USER_PATHS = NO;
				CLANG_ANALYZER_NONNULL = YES;
				CLANG_CXX_LANGUAGE_STANDARD = "gnu++0x";
				CLANG_CXX_LIBRARY = "libc++";
				CLANG_ENABLE_MODULES = YES;
				CLANG_ENABLE_OBJC_ARC = YES;
				CLANG_WARN_BOOL_CONVERSION = YES;
				CLANG_WARN_CONSTANT_CONVERSION = YES;
				CLANG_WARN_DIRECT_OBJC_ISA_USAGE = YES_ERROR;
				CLANG_WARN_DOCUMENTATION_COMMENTS = YES;
				CLANG_WARN_EMPTY_BODY = YES;
				CLANG_WARN_ENUM_CONVERSION = YES;
				CLANG_WARN_INFINITE_RECURSION = YES;
				CLANG_WARN_INT_CONVERSION = YES;
				CLANG_WARN_OBJC_ROOT_CLASS = YES_ERROR;
				CLANG_WARN_SUSPICIOUS_MOVE = YES;
				CLANG_WARN_UNREACHABLE_CODE = YES;
				CLANG_WARN__DUPLICATE_METHOD_MATCH = YES;
				"CODE_SIGN_IDENTITY[sdk=iphoneos*]" = "iPhone Developer";
				COPY_PHASE_STRIP = NO;
				DEBUG_INFORMATION_FORMAT = "dwarf-with-dsym";
				ENABLE_NS_ASSERTIONS = NO;
				ENABLE_STRICT_OBJC_MSGSEND = YES;
				GCC_C_LANGUAGE_STANDARD = gnu99;
				GCC_NO_COMMON_BLOCKS = YES;
				GCC_WARN_64_TO_32_BIT_CONVERSION = YES;
				GCC_WARN_ABOUT_RETURN_TYPE = YES_ERROR;
				GCC_WARN_UNDECLARED_SELECTOR = YES;
				GCC_WARN_UNINITIALIZED_AUTOS = YES_AGGRESSIVE;
				GCC_WARN_UNUSED_FUNCTION = YES;
				GCC_WARN_UNUSED_VARIABLE = YES;
				IPHONEOS_DEPLOYMENT_TARGET = 10.2;
				MTL_ENABLE_DEBUG_INFO = NO;
				SDKROOT = iphoneos;
				VALIDATE_PRODUCT = YES;
			};
			name = Release;
		};
		1FC6CFDF1E87528500D2E63D /* Debug */ = {
			isa = XCBuildConfiguration;
			buildSettings = {
				ASSETCATALOG_COMPILER_APPICON_NAME = AppIcon;
				INFOPLIST_FILE = MatchingCardGame/Info.plist;
				LD_RUNPATH_SEARCH_PATHS = "$(inherited) @executable_path/Frameworks";
				PRODUCT_BUNDLE_IDENTIFIER = aphromis.MatchingCardGame;
				PRODUCT_NAME = "$(TARGET_NAME)";
			};
			name = Debug;
		};
		1FC6CFE01E87528500D2E63D /* Release */ = {
			isa = XCBuildConfiguration;
			buildSettings = {
				ASSETCATALOG_COMPILER_APPICON_NAME = AppIcon;
				INFOPLIST_FILE = MatchingCardGame/Info.plist;
				LD_RUNPATH_SEARCH_PATHS = "$(inherited) @executable_path/Frameworks";
				PRODUCT_BUNDLE_IDENTIFIER = aphromis.MatchingCardGame;
				PRODUCT_NAME = "$(TARGET_NAME)";
			};
			name = Release;
		};
		1FC6CFE21E87528500D2E63D /* Debug */ = {
			isa = XCBuildConfiguration;
			buildSettings = {
				BUNDLE_LOADER = "$(TEST_HOST)";
				INFOPLIST_FILE = MatchingCardGameTests/Info.plist;
				LD_RUNPATH_SEARCH_PATHS = "$(inherited) @executable_path/Frameworks @loader_path/Frameworks";
				PRODUCT_BUNDLE_IDENTIFIER = aphromis.MatchingCardGameTests;
				PRODUCT_NAME = "$(TARGET_NAME)";
				TEST_HOST = "$(BUILT_PRODUCTS_DIR)/MatchingCardGame.app/MatchingCardGame";
			};
			name = Debug;
		};
		1FC6CFE31E87528500D2E63D /* Release */ = {
			isa = XCBuildConfiguration;
			buildSettings = {
				BUNDLE_LOADER = "$(TEST_HOST)";
				INFOPLIST_FILE = MatchingCardGameTests/Info.plist;
				LD_RUNPATH_SEARCH_PATHS = "$(inherited) @executable_path/Frameworks @loader_path/Frameworks";
				PRODUCT_BUNDLE_IDENTIFIER = aphromis.MatchingCardGameTests;
				PRODUCT_NAME = "$(TARGET_NAME)";
				TEST_HOST = "$(BUILT_PRODUCTS_DIR)/MatchingCardGame.app/MatchingCardGame";
			};
			name = Release;
		};
		1FC6CFE51E87528500D2E63D /* Debug */ = {
			isa = XCBuildConfiguration;
			buildSettings = {
				INFOPLIST_FILE = MatchingCardGameUITests/Info.plist;
				LD_RUNPATH_SEARCH_PATHS = "$(inherited) @executable_path/Frameworks @loader_path/Frameworks";
				PRODUCT_BUNDLE_IDENTIFIER = aphromis.MatchingCardGameUITests;
				PRODUCT_NAME = "$(TARGET_NAME)";
				TEST_TARGET_NAME = MatchingCardGame;
			};
			name = Debug;
		};
		1FC6CFE61E87528500D2E63D /* Release */ = {
			isa = XCBuildConfiguration;
			buildSettings = {
				INFOPLIST_FILE = MatchingCardGameUITests/Info.plist;
				LD_RUNPATH_SEARCH_PATHS = "$(inherited) @executable_path/Frameworks @loader_path/Frameworks";
				PRODUCT_BUNDLE_IDENTIFIER = aphromis.MatchingCardGameUITests;
				PRODUCT_NAME = "$(TARGET_NAME)";
				TEST_TARGET_NAME = MatchingCardGame;
			};
			name = Release;
		};
/* End XCBuildConfiguration section */

/* Begin XCConfigurationList section */
		1FC6CFA91E87528500D2E63D /* Build configuration list for PBXProject "MatchingCardGame" */ = {
			isa = XCConfigurationList;
			buildConfigurations = (
				1FC6CFDC1E87528500D2E63D /* Debug */,
				1FC6CFDD1E87528500D2E63D /* Release */,
			);
			defaultConfigurationIsVisible = 0;
			defaultConfigurationName = Release;
		};
		1FC6CFDE1E87528500D2E63D /* Build configuration list for PBXNativeTarget "MatchingCardGame" */ = {
			isa = XCConfigurationList;
			buildConfigurations = (
				1FC6CFDF1E87528500D2E63D /* Debug */,
				1FC6CFE01E87528500D2E63D /* Release */,
			);
			defaultConfigurationIsVisible = 0;
			defaultConfigurationName = Release;
		};
		1FC6CFE11E87528500D2E63D /* Build configuration list for PBXNativeTarget "MatchingCardGameTests" */ = {
			isa = XCConfigurationList;
			buildConfigurations = (
				1FC6CFE21E87528500D2E63D /* Debug */,
				1FC6CFE31E87528500D2E63D /* Release */,
			);
			defaultConfigurationIsVisible = 0;
			defaultConfigurationName = Release;
		};
		1FC6CFE41E87528500D2E63D /* Build configuration list for PBXNativeTarget "MatchingCardGameUITests" */ = {
			isa = XCConfigurationList;
			buildConfigurations = (
				1FC6CFE51E87528500D2E63D /* Debug */,
				1FC6CFE61E87528500D2E63D /* Release */,
			);
			defaultConfigurationIsVisible = 0;
			defaultConfigurationName = Release;
		};
/* End XCConfigurationList section */

/* Begin XCVersionGroup section */
		1FC6CFBD1E87528500D2E63D /* MatchingCardGame.xcdatamodeld */ = {
			isa = XCVersionGroup;
			children = (
				1FC6CFBE1E87528500D2E63D /* MatchingCardGame.xcdatamodel */,
			);
			currentVersion = 1FC6CFBE1E87528500D2E63D /* MatchingCardGame.xcdatamodel */;
			path = MatchingCardGame.xcdatamodeld;
			sourceTree = "<group>";
			versionGroupType = wrapper.xcdatamodel;
		};
/* End XCVersionGroup section */
	};
	rootObject = 1FC6CFA61E87528500D2E63D /* Project object */;
}
